
Microsoft Visual Studio Solution File, Format Version 12.00
# Visual Studio Version 17
VisualStudioVersion = 17.0.31903.59
MinimumVisualStudioVersion = 10.0.40219.1
Project("{2150E333-8FDC-42A3-9474-1A3956D46DE8}") = "src", "src", "{827E0CD3-B72D-47B6-A68D-7590B98EB39B}"
EndProject
Project("{FAE04EC0-301F-11D3-BF4B-00C04F79EFBC}") = "Yomi.App", "src\Yomi.App\Yomi.App.csproj", "{48D0A0AF-2EAD-4981-8B33-658BB40B7922}"
EndProject
Project("{2150E333-8FDC-42A3-9474-1A3956D46DE8}") = "tests", "tests", "{0AB3BF05-4346-4AA6-1389-037BE0695223}"
EndProject
Project("{FAE04EC0-301F-11D3-BF4B-00C04F79EFBC}") = "Yomi.Tests", "tests\Yomi.Tests\Yomi.Tests.csproj", "{8654E47D-FF06-439C-B175-636C29A40B4C}"
EndProject
Global
	GlobalSection(SolutionConfigurationPlatforms) = preSolution
		Debug|Any CPU = Debug|Any CPU
		Debug|x64 = Debug|x64
		Debug|x86 = Debug|x86
		Release|Any CPU = Release|Any CPU
		Release|x64 = Release|x64
		Release|x86 = Release|x86
	EndGlobalSection
	GlobalSection(ProjectConfigurationPlatforms) = postSolution
		{48D0A0AF-2EAD-4981-8B33-658BB40B7922}.Debug|Any CPU.ActiveCfg = Debug|Any CPU
		{48D0A0AF-2EAD-4981-8B33-658BB40B7922}.Debug|Any CPU.Build.0 = Debug|Any CPU
		{48D0A0AF-2EAD-4981-8B33-658BB40B7922}.Debug|x64.ActiveCfg = Debug|Any CPU
		{48D0A0AF-2EAD-4981-8B33-658BB40B7922}.Debug|x64.Build.0 = Debug|Any CPU
		{48D0A0AF-2EAD-4981-8B33-658BB40B7922}.Debug|x86.ActiveCfg = Debug|Any CPU
		{48D0A0AF-2EAD-4981-8B33-658BB40B7922}.Debug|x86.Build.0 = Debug|Any CPU
		{48D0A0AF-2EAD-4981-8B33-658BB40B7922}.Release|Any CPU.ActiveCfg = Release|Any CPU
		{48D0A0AF-2EAD-4981-8B33-658BB40B7922}.Release|Any CPU.Build.0 = Release|Any CPU
		{48D0A0AF-2EAD-4981-8B33-658BB40B7922}.Release|x64.ActiveCfg = Release|Any CPU
		{48D0A0AF-2EAD-4981-8B33-658BB40B7922}.Release|x64.Build.0 = Release|Any CPU
		{48D0A0AF-2EAD-4981-8B33-658BB40B7922}.Release|x86.ActiveCfg = Release|Any CPU
		{48D0A0AF-2EAD-4981-8B33-658BB40B7922}.Release|x86.Build.0 = Release|Any CPU
		{8654E47D-FF06-439C-B175-636C29A40B4C}.Debug|Any CPU.ActiveCfg = Debug|Any CPU
		{8654E47D-FF06-439C-B175-636C29A40B4C}.Debug|Any CPU.Build.0 = Debug|Any CPU
		{8654E47D-FF06-439C-B175-636C29A40B4C}.Debug|x64.ActiveCfg = Debug|Any CPU
		{8654E47D-FF06-439C-B175-636C29A40B4C}.Debug|x64.Build.0 = Debug|Any CPU
		{8654E47D-FF06-439C-B175-636C29A40B4C}.Debug|x86.ActiveCfg = Debug|Any CPU
		{8654E47D-FF06-439C-B175-636C29A40B4C}.Debug|x86.Build.0 = Debug|Any CPU
		{8654E47D-FF06-439C-B175-636C29A40B4C}.Release|Any CPU.ActiveCfg = Release|Any CPU
		{8654E47D-FF06-439C-B175-636C29A40B4C}.Release|Any CPU.Build.0 = Release|Any CPU
		{8654E47D-FF06-439C-B175-636C29A40B4C}.Release|x64.ActiveCfg = Release|Any CPU
		{8654E47D-FF06-439C-B175-636C29A40B4C}.Release|x64.Build.0 = Release|Any CPU
		{8654E47D-FF06-439C-B175-636C29A40B4C}.Release|x86.ActiveCfg = Release|Any CPU
		{8654E47D-FF06-439C-B175-636C29A40B4C}.Release|x86.Build.0 = Release|Any CPU
	EndGlobalSection
	GlobalSection(SolutionProperties) = preSolution
		HideSolutionNode = FALSE
	EndGlobalSection
	GlobalSection(NestedProjects) = preSolution
		{48D0A0AF-2EAD-4981-8B33-658BB40B7922} = {827E0CD3-B72D-47B6-A68D-7590B98EB39B}
		{8654E47D-FF06-439C-B175-636C29A40B4C} = {0AB3BF05-4346-4AA6-1389-037BE0695223}
	EndGlobalSection
EndGlobal
